schema: '2.0'
stages:
  data_ingestion:
    cmd: python src/data/data_ingestion.py
    deps:
    - path: src/data/data_ingestion.py
      hash: md5
      md5: ee08a4c31ae467cebbcce70b5cc5491a
      size: 3545
    params:
      params.yaml:
        data_ingestion.test_size: 0.3
    outs:
    - path: data/raw
      hash: md5
      md5: 03b3b604b1f92a17191a7fc947e576d6.dir
      size: 827973
      nfiles: 2
  data_preprocessing:
    cmd: python src/data/data_preprocessing.py
    deps:
    - path: data/raw
      hash: md5
      md5: 03b3b604b1f92a17191a7fc947e576d6.dir
      size: 827973
      nfiles: 2
    - path: src/data/data_preprocessing.py
      hash: md5
      md5: c1e18bf95fcc1e3d80cae9ee7c4a6383
      size: 4014
    outs:
    - path: data/interim
      hash: md5
      md5: 994c49fadcae57312a3667f2eba4dc35.dir
      size: 572633
      nfiles: 2
  feature_engineering:
    cmd: python src/features/feature_engineering.py
    deps:
    - path: data/interim
      hash: md5
      md5: 994c49fadcae57312a3667f2eba4dc35.dir
      size: 572633
      nfiles: 2
    - path: src/features/feature_engineering.py
      hash: md5
      md5: c1888aef256c204017522c2ce5fd36a0
      size: 3883
    params:
      params.yaml:
        feature_engineering.max_features: 120
    outs:
    - path: data/processed
      hash: md5
      md5: 5c74b0d22ffd0eeff7c8c626b7fe58c3.dir
      size: 2521636
      nfiles: 2
    - path: models/vectorizer.pkl
      hash: md5
      md5: 5fc0a0e6181c52f1a48daec55fc2d40a
      size: 3705
  model_building:
    cmd: python src/model/model_building.py
    deps:
    - path: data/processed
      hash: md5
      md5: 5c74b0d22ffd0eeff7c8c626b7fe58c3.dir
      size: 2521636
      nfiles: 2
    - path: src/model/model_building.py
      hash: md5
      md5: 809681a98d52938b43c9befd0b00a422
      size: 2373
    outs:
    - path: models/model.pkl
      hash: md5
      md5: 38d9d0d300ca8043c1d8d9ee70402c26
      size: 1675
  model_evaluation:
    cmd: python src/model/model_evaluation.py
    deps:
    - path: models/model.pkl
      hash: md5
      md5: 38d9d0d300ca8043c1d8d9ee70402c26
      size: 1675
    - path: src/model/model_evaluation.py
      hash: md5
      md5: f699422e38608a95d62908b55b1b3aa7
      size: 5776
    outs:
    - path: reports/experiment_info.json
      hash: md5
      md5: 4473a15540dc083c5d30f86d5776d738
      size: 82
    - path: reports/metrics.json
      hash: md5
      md5: 563cb62e97cd459b257af1693bb961f1
      size: 145
  model_registration:
    cmd: python src/model/register_model.py
    deps:
    - path: reports/experiment_info.json
      hash: md5
      md5: 4473a15540dc083c5d30f86d5776d738
      size: 82
    - path: src/model/register_model.py
      hash: md5
      md5: 689dcc83805baed9ae8ecec02e2e2e84
      size: 3007
